{
  "name": "omix-demo",
  "version": "1.0.0",
  "lockfileVersion": 1,
  "requires": true,
  "dependencies": {
    "vant-weapp": {
      "version": "0.5.29",
      "resolved": "http://172.16.9.16:4873/vant-weapp/-/vant-weapp-0.5.29.tgz",
      "integrity": "sha1-i7wJQmPNilYMkzKy514tuibMBeA="
    }
  }
}
